// !$*UTF8*$!
{
	archiveVersion = 1;
	classes = {
	};
	objectVersion = 46;
	objects = {

/* Begin PBXBuildFile section */
		F30FD4A81F064DB700D2FB39 /* NSObject+CSModel.m in Sources */ = {isa = PBXBuildFile; fileRef = F30FD4A71F064DB700D2FB39 /* NSObject+CSModel.m */; };
/* End PBXBuildFile section */

/* Begin PBXCopyFilesBuildPhase section */
		F309BEA11F064D5E00C26710 /* CopyFiles */ = {
			isa = PBXCopyFilesBuildPhase;
			buildActionMask = 12;
			dstPath = "include/$(PRODUCT_NAME)";
			dstSubfolderSpec = 16;
			files = (
			);
			runOnlyForDeploymentPostprocessing = 0;
		};
/* End PBXCopyFilesBuildPhase section */

/* Begin PBXFileReference section */
		F309BEA31F064D5E00C26710 /* libCSModel-static.a */ = {isa = PBXFileReference; explicitFileType = archive.ar; includeInIndex = 0; path = "libCSModel-static.a"; sourceTree = BUILT_PRODUCTS_DIR; };
		F30FD4A51F064DB700D2FB39 /* CSModel.h */ = {isa = PBXFileReference; fileEncoding = 4; lastKnownFileType = sourcecode.c.h; path = CSModel.h; sourceTree = "<group>"; };
		F30FD4A61F064DB700D2FB39 /* NSObject+CSModel.h */ = {isa = PBXFileReference; fileEncoding = 4; lastKnownFileType = sourcecode.c.h; path = "NSObject+CSModel.h"; sourceTree = "<group>"; };
		F30FD4A71F064DB700D2FB39 /* NSObject+CSModel.m */ = {isa = PBXFileReference; fileEncoding = 4; lastKnownFileType = sourcecode.c.objc; path = "NSObject+CSModel.m"; sourceTree = "<group>"; };
/* End PBXFileReference section */

/* Begin PBXFrameworksBuildPhase section */
		F309BEA01F064D5E00C26710 /* Frameworks */ = {
			isa = PBXFrameworksBuildPhase;
			buildActionMask = 2147483647;
			files = (
			);
			runOnlyForDeploymentPostprocessing = 0;
		};
/* End PBXFrameworksBuildPhase section */

/* Begin PBXGroup section */
		F309BE9A1F064D5E00C26710 = {
			isa = PBXGroup;
			children = (
				F30FD4A41F064DB700D2FB39 /* CSModel */,
				F309BEA41F064D5E00C26710 /* Products */,
			);
			sourceTree = "<group>";
		};
		F309BEA41F064D5E00C26710 /* Products */ = {
			isa = PBXGroup;
			children = (
				F309BEA31F064D5E00C26710 /* libCSModel-static.a */,
			);
			name = Products;
			sourceTree = "<group>";
		};
		F30FD4A41F064DB700D2FB39 /* CSModel */ = {
			isa = PBXGroup;
			children = (
				F30FD4A51F064DB700D2FB39 /* CSModel.h */,
				F30FD4A61F064DB700D2FB39 /* NSObject+CSModel.h */,
				F30FD4A71F064DB700D2FB39 /* NSObject+CSModel.m */,
			);
			name = CSModel;
			path = ../CSModel;
			sourceTree = "<group>";
		};
/* End PBXGroup section */

/* Begin PBXNativeTarget section */
		F309BEA21F064D5E00C26710 /* CSModel-static */ = {
			isa = PBXNativeTarget;
			buildConfigurationList = F309BEAC1F064D5E00C26710 /* Build configuration list for PBXNativeTarget "CSModel-static" */;
			buildPhases = (
				F309BE9F1F064D5E00C26710 /* Sources */,
				F309BEA01F064D5E00C26710 /* Frameworks */,
				F309BEA11F064D5E00C26710 /* CopyFiles */,
			);
			buildRules = (
			);
			dependencies = (
			);
			name = "CSModel-static";
			productName = "CSModel-static";
			productReference = F309BEA31F064D5E00C26710 /* libCSModel-static.a */;
			productType = "com.apple.product-type.library.static";
		};
/* End PBXNativeTarget section */

/* Begin PBXProject section */
		F309BE9B1F064D5E00C26710 /* Project object */ = {
			isa = PBXProject;
			attributes = {
				LastUpgradeCheck = 0830;
				ORGANIZATIONNAME = chasel;
				TargetAttributes = {
					F309BEA21F064D5E00C26710 = {
						CreatedOnToolsVersion = 8.3.2;
						DevelopmentTeam = 626KGQ43W3;
						ProvisioningStyle = Automatic;
					};
				};
			};
			buildConfigurationList = F309BE9E1F064D5E00C26710 /* Build configuration list for PBXProject "CSModel-static" */;
			compatibilityVersion = "Xcode 3.2";
			developmentRegion = English;
			hasScannedForEncodings = 0;
			knownRegions = (
				en,
			);
			mainGroup = F309BE9A1F064D5E00C26710;
			productRefGroup = F309BEA41F064D5E00C26710 /* Products */;
			projectDirPath = "";
			projectRoot = "";
			targets = (
				F309BEA21F064D5E00C26710 /* CSModel-static */,
			);
		};
/* End PBXProject section */

/* Begin PBXSourcesBuildPhase section */
		F309BE9F1F064D5E00C26710 /* Sources */ = {
			isa = PBXSourcesBuildPhase;
			buildActionMask = 2147483647;
			files = (
				F30FD4A81F064DB700D2FB39 /* NSObject+CSModel.m in Sources */,
			);
			runOnlyForDeploymentPostprocessing = 0;
		};
/* End PBXSourcesBuildPhase section */

/* Begin XCBuildConfiguration section */
		F309BEAA1F064D5E00C26710 /* Debug */ = {
			isa = XCBuildConfiguration;
			buildSettings = {
				ALWAYS_SEARCH_USER_PATHS = NO;
				CLANG_ANALYZER_NONNULL = YES;
				CLANG_ANALYZER_NUMBER_OBJECT_CONVERSION = YES_AGGRESSIVE;
				CLANG_CXX_LANGUAGE_STANDARD = "gnu++0x";
				CLANG_CXX_LIBRARY = "libc++";
				CLANG_ENABLE_MODULES = YES;
				CLANG_ENABLE_OBJC_ARC = YES;
				CLANG_WARN_BOOL_CONVERSION = YES;
				CLANG_WARN_CONSTANT_CONVERSION = YES;
				CLANG_WARN_DIRECT_OBJC_ISA_USAGE = YES_ERROR;
				CLANG_WARN_DOCUMENTATION_COMMENTS = YES;
				CLANG_WARN_EMPTY_BODY = YES;
				CLANG_WARN_ENUM_CONVERSION = YES;
				CLANG_WARN_INFINITE_RECURSION = YES;
				CLANG_WARN_INT_CONVERSION = YES;
				CLANG_WARN_OBJC_ROOT_CLASS = YES_ERROR;
				CLANG_WARN_SUSPICIOUS_MOVE = YES;
				CLANG_WARN_UNREACHABLE_CODE = YES;
				CLANG_WARN__DUPLICATE_METHOD_MATCH = YES;
				"CODE_SIGN_IDENTITY[sdk=iphoneos*]" = "iPhone Developer";
				COPY_PHASE_STRIP = NO;
				DEBUG_INFORMATION_FORMAT = dwarf;
				ENABLE_STRICT_OBJC_MSGSEND = YES;
				ENABLE_TESTABILITY = YES;
				GCC_C_LANGUAGE_STANDARD = gnu99;
				GCC_DYNAMIC_NO_PIC = NO;
				GCC_NO_COMMON_BLOCKS = YES;
				GCC_OPTIMIZATION_LEVEL = 0;
				GCC_PREPROCESSOR_DEFINITIONS = (
					"DEBUG=1",
					"$(inherited)",
				);
				GCC_WARN_64_TO_32_BIT_CONVERSION = YES;
				GCC_WARN_ABOUT_RETURN_TYPE = YES_ERROR;
				GCC_WARN_UNDECLARED_SELECTOR = YES;
				GCC_WARN_UNINITIALIZED_AUTOS = YES_AGGRESSIVE;
				GCC_WARN_UNUSED_FUNCTION = YES;
				GCC_WARN_UNUSED_VARIABLE = YES;
				IPHONEOS_DEPLOYMENT_TARGET = 10.3;
				MTL_ENABLE_DEBUG_INFO = YES;
				ONLY_ACTIVE_ARCH = YES;
				SDKROOT = iphoneos;
			};
			name = Debug;
		};
		F309BEAB1F064D5E00C26710 /* Release */ = {
			isa = XCBuildConfiguration;
			buildSettings = {
				ALWAYS_SEARCH_USER_PATHS = NO;
				CLANG_ANALYZER_NONNULL = YES;
				CLANG_ANALYZER_NUMBER_OBJECT_CONVERSION = YES_AGGRESSIVE;
				CLANG_CXX_LANGUAGE_STANDARD = "gnu++0x";
				CLANG_CXX_LIBRARY = "libc++";
				CLANG_ENABLE_MODULES = YES;
				CLANG_ENABLE_OBJC_ARC = YES;
				CLANG_WARN_BOOL_CONVERSION = YES;
				CLANG_WARN_CONSTANT_CONVERSION = YES;
				CLANG_WARN_DIRECT_OBJC_ISA_USAGE = YES_ERROR;
				CLANG_WARN_DOCUMENTATION_COMMENTS = YES;
				CLANG_WARN_EMPTY_BODY = YES;
				CLANG_WARN_ENUM_CONVERSION = YES;
				CLANG_WARN_INFINITE_RECURSION = YES;
				CLANG_WARN_INT_CONVERSION = YES;
				CLANG_WARN_OBJC_ROOT_CLASS = YES_ERROR;
				CLANG_WARN_SUSPICIOUS_MOVE = YES;
				CLANG_WARN_UNREACHABLE_CODE = YES;
				CLANG_WARN__DUPLICATE_METHOD_MATCH = YES;
				"CODE_SIGN_IDENTITY[sdk=iphoneos*]" = "iPhone Developer";
				COPY_PHASE_STRIP = NO;
				DEBUG_INFORMATION_FORMAT = "dwarf-with-dsym";
				ENABLE_NS_ASSERTIONS = NO;
				ENABLE_STRICT_OBJC_MSGSEND = YES;
				GCC_C_LANGUAGE_STANDARD = gnu99;
				GCC_NO_COMMON_BLOCKS = YES;
				GCC_WARN_64_TO_32_BIT_CONVERSION = YES;
				GCC_WARN_ABOUT_RETURN_TYPE = YES_ERROR;
				GCC_WARN_UNDECLARED_SELECTOR = YES;
				GCC_WARN_UNINITIALIZED_AUTOS = YES_AGGRESSIVE;
				GCC_WARN_UNUSED_FUNCTION = YES;
				GCC_WARN_UNUSED_VARIABLE = YES;
				IPHONEOS_DEPLOYMENT_TARGET = 10.3;
				MTL_ENABLE_DEBUG_INFO = NO;
				SDKROOT = iphoneos;
				VALIDATE_PRODUCT = YES;
			};
			name = Release;
		};
		F309BEAD1F064D5E00C26710 /* Debug */ = {
			isa = XCBuildConfiguration;
			buildSettings = {
				DEVELOPMENT_TEAM = 626KGQ43W3;
				OTHER_LDFLAGS = "-ObjC";
				PRODUCT_NAME = "$(TARGET_NAME)";
				SKIP_INSTALL = YES;
			};
			name = Debug;
		};
		F309BEAE1F064D5E00C26710 /* Release */ = {
			isa = XCBuildConfiguration;
			buildSettings = {
				DEVELOPMENT_TEAM = 626KGQ43W3;
				OTHER_LDFLAGS = "-ObjC";
				PRODUCT_NAME = "$(TARGET_NAME)";
				SKIP_INSTALL = YES;
			};
			name = Release;
		};
/* End XCBuildConfiguration section */

/* Begin XCConfigurationList section */
		F309BE9E1F064D5E00C26710 /* Build configuration list for PBXProject "CSModel-static" */ = {
			isa = XCConfigurationList;
			buildConfigurations = (
				F309BEAA1F064D5E00C26710 /* Debug */,
				F309BEAB1F064D5E00C26710 /* Release */,
			);
			defaultConfigurationIsVisible = 0;
			defaultConfigurationName = Release;
		};
		F309BEAC1F064D5E00C26710 /* Build configuration list for PBXNativeTarget "CSModel-static" */ = {
			isa = XCConfigurationList;
			buildConfigurations = (
				F309BEAD1F064D5E00C26710 /* Debug */,
				F309BEAE1F064D5E00C26710 /* Release */,
			);
			defaultConfigurationIsVisible = 0;
			defaultConfigurationName = Release;
		};
/* End XCConfigurationList section */
	};
	rootObject = F309BE9B1F064D5E00C26710 /* Project object */;
}
